
Microsoft Visual Studio Solution File, Format Version 12.00
Project("{FAE04EC0-301F-11D3-BF4B-00C04F79EFBC}") = "MonolithicApp", "MonolithicApp\MonolithicApp.csproj", "{7F8714C0-B0CE-4DEE-AF29-57A8579329A1}"
EndProject
Project("{FAE04EC0-301F-11D3-BF4B-00C04F79EFBC}") = "MonolithicAppTests", "MonolithicAppTests\MonolithicAppTests.csproj", "{127F5DF2-6CFD-4193-AE4A-103EA50211D5}"
EndProject
Global
	GlobalSection(SolutionConfigurationPlatforms) = preSolution
		Debug|Any CPU = Debug|Any CPU
		Release|Any CPU = Release|Any CPU
	EndGlobalSection
	GlobalSection(ProjectConfigurationPlatforms) = postSolution
		{7F8714C0-B0CE-4DEE-AF29-57A8579329A1}.Debug|Any CPU.ActiveCfg = Debug|Any CPU
		{7F8714C0-B0CE-4DEE-AF29-57A8579329A1}.Debug|Any CPU.Build.0 = Debug|Any CPU
		{7F8714C0-B0CE-4DEE-AF29-57A8579329A1}.Release|Any CPU.ActiveCfg = Release|Any CPU
		{7F8714C0-B0CE-4DEE-AF29-57A8579329A1}.Release|Any CPU.Build.0 = Release|Any CPU
		{127F5DF2-6CFD-4193-AE4A-103EA50211D5}.Debug|Any CPU.ActiveCfg = Debug|Any CPU
		{127F5DF2-6CFD-4193-AE4A-103EA50211D5}.Debug|Any CPU.Build.0 = Debug|Any CPU
		{127F5DF2-6CFD-4193-AE4A-103EA50211D5}.Release|Any CPU.ActiveCfg = Release|Any CPU
		{127F5DF2-6CFD-4193-AE4A-103EA50211D5}.Release|Any CPU.Build.0 = Release|Any CPU
	EndGlobalSection
EndGlobal
